// !$*UTF8*$!
{
	archiveVersion = 1;
	classes = {
	};
	objectVersion = 56;
	objects = {

/* Begin PBXBuildFile section */
		21AFBCE329C67ACE00772B19 /* Main.storyboard in Resources */ = {isa = PBXBuildFile; fileRef = 21AFBCE229C67ACE00772B19 /* Main.storyboard */; };
		21AFBCE529C67CF700772B19 /* BodyTrackingViewController.swift in Sources */ = {isa = PBXBuildFile; fileRef = 21AFBCE429C67CF700772B19 /* BodyTrackingViewController.swift */; };
		21AFBD0829C6889F00772B19 /* VideoVC.swift in Sources */ = {isa = PBXBuildFile; fileRef = 21AFBD0729C6889F00772B19 /* VideoVC.swift */; };
		21AFBD0D29C6901800772B19 /* video_1.mp4 in Resources */ = {isa = PBXBuildFile; fileRef = 21AFBCEA29C6816A00772B19 /* video_1.mp4 */; };
		21AFBD0E29C6901C00772B19 /* video_2.mp4 in Resources */ = {isa = PBXBuildFile; fileRef = 21AFBCE929C6816A00772B19 /* video_2.mp4 */; };
		21AFBD0F29C6901F00772B19 /* video_3.mp4 in Resources */ = {isa = PBXBuildFile; fileRef = 21AFBCE829C6816A00772B19 /* video_3.mp4 */; };
		21AFBD1129C6932B00772B19 /* YOLOv3FP16.mlmodel in Sources */ = {isa = PBXBuildFile; fileRef = 21AFBD1029C6932B00772B19 /* YOLOv3FP16.mlmodel */; };
		21AFBD1329C6933400772B19 /* YOLOv3TinyFP16.mlmodel in Sources */ = {isa = PBXBuildFile; fileRef = 21AFBD1229C6933400772B19 /* YOLOv3TinyFP16.mlmodel */; };
		21B8149129C632A000113D05 /* CoreMLHumanDetectorApp.swift in Sources */ = {isa = PBXBuildFile; fileRef = 21B8149029C632A000113D05 /* CoreMLHumanDetectorApp.swift */; };
		21B8149329C632A000113D05 /* ContentView.swift in Sources */ = {isa = PBXBuildFile; fileRef = 21B8149229C632A000113D05 /* ContentView.swift */; };
		21B8149529C632A200113D05 /* Assets.xcassets in Resources */ = {isa = PBXBuildFile; fileRef = 21B8149429C632A200113D05 /* Assets.xcassets */; };
		21B8149829C632A200113D05 /* Preview Assets.xcassets in Resources */ = {isa = PBXBuildFile; fileRef = 21B8149729C632A200113D05 /* Preview Assets.xcassets */; };
/* End PBXBuildFile section */

/* Begin PBXFileReference section */
		21AFBCE229C67ACE00772B19 /* Main.storyboard */ = {isa = PBXFileReference; fileEncoding = 4; lastKnownFileType = file.storyboard; path = Main.storyboard; sourceTree = "<group>"; };
		21AFBCE429C67CF700772B19 /* BodyTrackingViewController.swift */ = {isa = PBXFileReference; fileEncoding = 4; lastKnownFileType = sourcecode.swift; path = BodyTrackingViewController.swift; sourceTree = "<group>"; };
		21AFBCE829C6816A00772B19 /* video_3.mp4 */ = {isa = PBXFileReference; lastKnownFileType = file; path = video_3.mp4; sourceTree = "<group>"; };
		21AFBCE929C6816A00772B19 /* video_2.mp4 */ = {isa = PBXFileReference; lastKnownFileType = file; path = video_2.mp4; sourceTree = "<group>"; };
		21AFBCEA29C6816A00772B19 /* video_1.mp4 */ = {isa = PBXFileReference; lastKnownFileType = file; path = video_1.mp4; sourceTree = "<group>"; };
		21AFBD0729C6889F00772B19 /* VideoVC.swift */ = {isa = PBXFileReference; lastKnownFileType = sourcecode.swift; path = VideoVC.swift; sourceTree = "<group>"; };
		21AFBD1029C6932B00772B19 /* YOLOv3FP16.mlmodel */ = {isa = PBXFileReference; lastKnownFileType = file.mlmodel; path = YOLOv3FP16.mlmodel; sourceTree = "<group>"; };
		21AFBD1229C6933400772B19 /* YOLOv3TinyFP16.mlmodel */ = {isa = PBXFileReference; lastKnownFileType = file.mlmodel; path = YOLOv3TinyFP16.mlmodel; sourceTree = "<group>"; };
		21B8148D29C632A000113D05 /* CoreMLHumanDetector.app */ = {isa = PBXFileReference; explicitFileType = wrapper.application; includeInIndex = 0; path = CoreMLHumanDetector.app; sourceTree = BUILT_PRODUCTS_DIR; };
		21B8149029C632A000113D05 /* CoreMLHumanDetectorApp.swift */ = {isa = PBXFileReference; lastKnownFileType = sourcecode.swift; path = CoreMLHumanDetectorApp.swift; sourceTree = "<group>"; };
		21B8149229C632A000113D05 /* ContentView.swift */ = {isa = PBXFileReference; lastKnownFileType = sourcecode.swift; path = ContentView.swift; sourceTree = "<group>"; };
		21B8149429C632A200113D05 /* Assets.xcassets */ = {isa = PBXFileReference; lastKnownFileType = folder.assetcatalog; path = Assets.xcassets; sourceTree = "<group>"; };
		21B8149729C632A200113D05 /* Preview Assets.xcassets */ = {isa = PBXFileReference; lastKnownFileType = folder.assetcatalog; path = "Preview Assets.xcassets"; sourceTree = "<group>"; };
/* End PBXFileReference section */

/* Begin PBXFrameworksBuildPhase section */
		21B8148A29C632A000113D05 /* Frameworks */ = {
			isa = PBXFrameworksBuildPhase;
			buildActionMask = 2147483647;
			files = (
			);
			runOnlyForDeploymentPostprocessing = 0;
		};
/* End PBXFrameworksBuildPhase section */

/* Begin PBXGroup section */
		21B8148429C632A000113D05 = {
			isa = PBXGroup;
			children = (
				21B8148F29C632A000113D05 /* CoreMLHumanDetector */,
				21B8148E29C632A000113D05 /* Products */,
			);
			sourceTree = "<group>";
		};
		21B8148E29C632A000113D05 /* Products */ = {
			isa = PBXGroup;
			children = (
				21B8148D29C632A000113D05 /* CoreMLHumanDetector.app */,
			);
			name = Products;
			sourceTree = "<group>";
		};
		21B8148F29C632A000113D05 /* CoreMLHumanDetector */ = {
			isa = PBXGroup;
			children = (
				21B8149029C632A000113D05 /* CoreMLHumanDetectorApp.swift */,
				21B8149229C632A000113D05 /* ContentView.swift */,
				21AFBCE429C67CF700772B19 /* BodyTrackingViewController.swift */,
				21AFBD0729C6889F00772B19 /* VideoVC.swift */,
				21AFBD1029C6932B00772B19 /* YOLOv3FP16.mlmodel */,
				21AFBD1229C6933400772B19 /* YOLOv3TinyFP16.mlmodel */,
				21AFBCEA29C6816A00772B19 /* video_1.mp4 */,
				21AFBCE929C6816A00772B19 /* video_2.mp4 */,
				21AFBCE829C6816A00772B19 /* video_3.mp4 */,
				21B8149429C632A200113D05 /* Assets.xcassets */,
				21AFBCE229C67ACE00772B19 /* Main.storyboard */,
				21B8149629C632A200113D05 /* Preview Content */,
			);
			path = CoreMLHumanDetector;
			sourceTree = "<group>";
		};
		21B8149629C632A200113D05 /* Preview Content */ = {
			isa = PBXGroup;
			children = (
				21B8149729C632A200113D05 /* Preview Assets.xcassets */,
			);
			path = "Preview Content";
			sourceTree = "<group>";
		};
/* End PBXGroup section */

/* Begin PBXNativeTarget section */
		21B8148C29C632A000113D05 /* CoreMLHumanDetector */ = {
			isa = PBXNativeTarget;
			buildConfigurationList = 21B8149B29C632A200113D05 /* Build configuration list for PBXNativeTarget "CoreMLHumanDetector" */;
			buildPhases = (
				21B8148929C632A000113D05 /* Sources */,
				21B8148A29C632A000113D05 /* Frameworks */,
				21B8148B29C632A000113D05 /* Resources */,
			);
			buildRules = (
			);
			dependencies = (
			);
			name = CoreMLHumanDetector;
			productName = CoreMLHumanDetector;
			productReference = 21B8148D29C632A000113D05 /* CoreMLHumanDetector.app */;
			productType = "com.apple.product-type.application";
		};
/* End PBXNativeTarget section */

/* Begin PBXProject section */
		21B8148529C632A000113D05 /* Project object */ = {
			isa = PBXProject;
			attributes = {
				BuildIndependentTargetsInParallel = 1;
				LastSwiftUpdateCheck = 1420;
				LastUpgradeCheck = 1420;
				TargetAttributes = {
					21B8148C29C632A000113D05 = {
						CreatedOnToolsVersion = 14.2;
					};
				};
			};
			buildConfigurationList = 21B8148829C632A000113D05 /* Build configuration list for PBXProject "CoreMLHumanDetector" */;
			compatibilityVersion = "Xcode 14.0";
			developmentRegion = en;
			hasScannedForEncodings = 0;
			knownRegions = (
				en,
				Base,
			);
			mainGroup = 21B8148429C632A000113D05;
			productRefGroup = 21B8148E29C632A000113D05 /* Products */;
			projectDirPath = "";
			projectRoot = "";
			targets = (
				21B8148C29C632A000113D05 /* CoreMLHumanDetector */,
			);
		};
/* End PBXProject section */

/* Begin PBXResourcesBuildPhase section */
		21B8148B29C632A000113D05 /* Resources */ = {
			isa = PBXResourcesBuildPhase;
			buildActionMask = 2147483647;
			files = (
				21AFBCE329C67ACE00772B19 /* Main.storyboard in Resources */,
				21AFBD0D29C6901800772B19 /* video_1.mp4 in Resources */,
				21B8149829C632A200113D05 /* Preview Assets.xcassets in Resources */,
				21AFBD0E29C6901C00772B19 /* video_2.mp4 in Resources */,
				21B8149529C632A200113D05 /* Assets.xcassets in Resources */,
				21AFBD0F29C6901F00772B19 /* video_3.mp4 in Resources */,
			);
			runOnlyForDeploymentPostprocessing = 0;
		};
/* End PBXResourcesBuildPhase section */

/* Begin PBXSourcesBuildPhase section */
		21B8148929C632A000113D05 /* Sources */ = {
			isa = PBXSourcesBuildPhase;
			buildActionMask = 2147483647;
			files = (
				21AFBD0829C6889F00772B19 /* VideoVC.swift in Sources */,
				21B8149329C632A000113D05 /* ContentView.swift in Sources */,
				21AFBD1329C6933400772B19 /* YOLOv3TinyFP16.mlmodel in Sources */,
				21AFBD1129C6932B00772B19 /* YOLOv3FP16.mlmodel in Sources */,
				21AFBCE529C67CF700772B19 /* BodyTrackingViewController.swift in Sources */,
				21B8149129C632A000113D05 /* CoreMLHumanDetectorApp.swift in Sources */,
			);
			runOnlyForDeploymentPostprocessing = 0;
		};
/* End PBXSourcesBuildPhase section */

/* Begin XCBuildConfiguration section */
		21B8149929C632A200113D05 /* Debug */ = {
			isa = XCBuildConfiguration;
			buildSettings = {
				ALWAYS_SEARCH_USER_PATHS = NO;
				CLANG_ANALYZER_NONNULL = YES;
				CLANG_ANALYZER_NUMBER_OBJECT_CONVERSION = YES_AGGRESSIVE;
				CLANG_CXX_LANGUAGE_STANDARD = "gnu++20";
				CLANG_ENABLE_MODULES = YES;
				CLANG_ENABLE_OBJC_ARC = YES;
				CLANG_ENABLE_OBJC_WEAK = YES;
				CLANG_WARN_BLOCK_CAPTURE_AUTORELEASING = YES;
				CLANG_WARN_BOOL_CONVERSION = YES;
				CLANG_WARN_COMMA = YES;
				CLANG_WARN_CONSTANT_CONVERSION = YES;
				CLANG_WARN_DEPRECATED_OBJC_IMPLEMENTATIONS = YES;
				CLANG_WARN_DIRECT_OBJC_ISA_USAGE = YES_ERROR;
				CLANG_WARN_DOCUMENTATION_COMMENTS = YES;
				CLANG_WARN_EMPTY_BODY = YES;
				CLANG_WARN_ENUM_CONVERSION = YES;
				CLANG_WARN_INFINITE_RECURSION = YES;
				CLANG_WARN_INT_CONVERSION = YES;
				CLANG_WARN_NON_LITERAL_NULL_CONVERSION = YES;
				CLANG_WARN_OBJC_IMPLICIT_RETAIN_SELF = YES;
				CLANG_WARN_OBJC_LITERAL_CONVERSION = YES;
				CLANG_WARN_OBJC_ROOT_CLASS = YES_ERROR;
				CLANG_WARN_QUOTED_INCLUDE_IN_FRAMEWORK_HEADER = YES;
				CLANG_WARN_RANGE_LOOP_ANALYSIS = YES;
				CLANG_WARN_STRICT_PROTOTYPES = YES;
				CLANG_WARN_SUSPICIOUS_MOVE = YES;
				CLANG_WARN_UNGUARDED_AVAILABILITY = YES_AGGRESSIVE;
				CLANG_WARN_UNREACHABLE_CODE = YES;
				CLANG_WARN__DUPLICATE_METHOD_MATCH = YES;
				COPY_PHASE_STRIP = NO;
				DEBUG_INFORMATION_FORMAT = dwarf;
				ENABLE_STRICT_OBJC_MSGSEND = YES;
				ENABLE_TESTABILITY = YES;
				GCC_C_LANGUAGE_STANDARD = gnu11;
				GCC_DYNAMIC_NO_PIC = NO;
				GCC_NO_COMMON_BLOCKS = YES;
				GCC_OPTIMIZATION_LEVEL = 0;
				GCC_PREPROCESSOR_DEFINITIONS = (
					"DEBUG=1",
					"$(inherited)",
				);
				GCC_WARN_64_TO_32_BIT_CONVERSION = YES;
				GCC_WARN_ABOUT_RETURN_TYPE = YES_ERROR;
				GCC_WARN_UNDECLARED_SELECTOR = YES;
				GCC_WARN_UNINITIALIZED_AUTOS = YES_AGGRESSIVE;
				GCC_WARN_UNUSED_FUNCTION = YES;
				GCC_WARN_UNUSED_VARIABLE = YES;
				IPHONEOS_DEPLOYMENT_TARGET = 16.2;
				MTL_ENABLE_DEBUG_INFO = INCLUDE_SOURCE;
				MTL_FAST_MATH = YES;
				ONLY_ACTIVE_ARCH = YES;
				SDKROOT = iphoneos;
				SWIFT_ACTIVE_COMPILATION_CONDITIONS = DEBUG;
				SWIFT_OPTIMIZATION_LEVEL = "-Onone";
			};
			name = Debug;
		};
		21B8149A29C632A200113D05 /* Release */ = {
			isa = XCBuildConfiguration;
			buildSettings = {
				ALWAYS_SEARCH_USER_PATHS = NO;
				CLANG_ANALYZER_NONNULL = YES;
				CLANG_ANALYZER_NUMBER_OBJECT_CONVERSION = YES_AGGRESSIVE;
				CLANG_CXX_LANGUAGE_STANDARD = "gnu++20";
				CLANG_ENABLE_MODULES = YES;
				CLANG_ENABLE_OBJC_ARC = YES;
				CLANG_ENABLE_OBJC_WEAK = YES;
				CLANG_WARN_BLOCK_CAPTURE_AUTORELEASING = YES;
				CLANG_WARN_BOOL_CONVERSION = YES;
				CLANG_WARN_COMMA = YES;
				CLANG_WARN_CONSTANT_CONVERSION = YES;
				CLANG_WARN_DEPRECATED_OBJC_IMPLEMENTATIONS = YES;
				CLANG_WARN_DIRECT_OBJC_ISA_USAGE = YES_ERROR;
				CLANG_WARN_DOCUMENTATION_COMMENTS = YES;
				CLANG_WARN_EMPTY_BODY = YES;
				CLANG_WARN_ENUM_CONVERSION = YES;
				CLANG_WARN_INFINITE_RECURSION = YES;
				CLANG_WARN_INT_CONVERSION = YES;
				CLANG_WARN_NON_LITERAL_NULL_CONVERSION = YES;
				CLANG_WARN_OBJC_IMPLICIT_RETAIN_SELF = YES;
				CLANG_WARN_OBJC_LITERAL_CONVERSION = YES;
				CLANG_WARN_OBJC_ROOT_CLASS = YES_ERROR;
				CLANG_WARN_QUOTED_INCLUDE_IN_FRAMEWORK_HEADER = YES;
				CLANG_WARN_RANGE_LOOP_ANALYSIS = YES;
				CLANG_WARN_STRICT_PROTOTYPES = YES;
				CLANG_WARN_SUSPICIOUS_MOVE = YES;
				CLANG_WARN_UNGUARDED_AVAILABILITY = YES_AGGRESSIVE;
				CLANG_WARN_UNREACHABLE_CODE = YES;
				CLANG_WARN__DUPLICATE_METHOD_MATCH = YES;
				COPY_PHASE_STRIP = NO;
				DEBUG_INFORMATION_FORMAT = "dwarf-with-dsym";
				ENABLE_NS_ASSERTIONS = NO;
				ENABLE_STRICT_OBJC_MSGSEND = YES;
				GCC_C_LANGUAGE_STANDARD = gnu11;
				GCC_NO_COMMON_BLOCKS = YES;
				GCC_WARN_64_TO_32_BIT_CONVERSION = YES;
				GCC_WARN_ABOUT_RETURN_TYPE = YES_ERROR;
				GCC_WARN_UNDECLARED_SELECTOR = YES;
				GCC_WARN_UNINITIALIZED_AUTOS = YES_AGGRESSIVE;
				GCC_WARN_UNUSED_FUNCTION = YES;
				GCC_WARN_UNUSED_VARIABLE = YES;
				IPHONEOS_DEPLOYMENT_TARGET = 16.2;
				MTL_ENABLE_DEBUG_INFO = NO;
				MTL_FAST_MATH = YES;
				SDKROOT = iphoneos;
				SWIFT_COMPILATION_MODE = wholemodule;
				SWIFT_OPTIMIZATION_LEVEL = "-O";
				VALIDATE_PRODUCT = YES;
			};
			name = Release;
		};
		21B8149C29C632A200113D05 /* Debug */ = {
			isa = XCBuildConfiguration;
			buildSettings = {
				ASSETCATALOG_COMPILER_APPICON_NAME = AppIcon;
				ASSETCATALOG_COMPILER_GLOBAL_ACCENT_COLOR_NAME = AccentColor;
				CODE_SIGN_STYLE = Automatic;
				CURRENT_PROJECT_VERSION = 1;
				DEVELOPMENT_ASSET_PATHS = "\"CoreMLHumanDetector/Preview Content\"";
				DEVELOPMENT_TEAM = 7PWK7SKWKH;
				ENABLE_PREVIEWS = YES;
				GENERATE_INFOPLIST_FILE = YES;
				INFOPLIST_KEY_NSCameraUsageDescription = "\"Please allow access to the camera\"";
				INFOPLIST_KEY_UIApplicationSceneManifest_Generation = YES;
				INFOPLIST_KEY_UIApplicationSupportsIndirectInputEvents = YES;
				INFOPLIST_KEY_UILaunchScreen_Generation = YES;
				INFOPLIST_KEY_UISupportedInterfaceOrientations = UIInterfaceOrientationPortrait;
				LD_RUNPATH_SEARCH_PATHS = (
					"$(inherited)",
					"@executable_path/Frameworks",
				);
				MARKETING_VERSION = 1.0;
				PRODUCT_BUNDLE_IDENTIFIER = com.CoreMLHumanDetector.app.CoreMLHumanDetector;
				PRODUCT_NAME = "$(TARGET_NAME)";
				SWIFT_EMIT_LOC_STRINGS = YES;
				SWIFT_VERSION = 5.0;
				TARGETED_DEVICE_FAMILY = "1,2";
			};
			name = Debug;
		};
		21B8149D29C632A200113D05 /* Release */ = {
			isa = XCBuildConfiguration;
			buildSettings = {
				ASSETCATALOG_COMPILER_APPICON_NAME = AppIcon;
				ASSETCATALOG_COMPILER_GLOBAL_ACCENT_COLOR_NAME = AccentColor;
				CODE_SIGN_STYLE = Automatic;
				CURRENT_PROJECT_VERSION = 1;
				DEVELOPMENT_ASSET_PATHS = "\"CoreMLHumanDetector/Preview Content\"";
				DEVELOPMENT_TEAM = 7PWK7SKWKH;
				ENABLE_PREVIEWS = YES;
				GENERATE_INFOPLIST_FILE = YES;
				INFOPLIST_KEY_NSCameraUsageDescription = "\"Please allow access to the camera\"";
				INFOPLIST_KEY_UIApplicationSceneManifest_Generation = YES;
				INFOPLIST_KEY_UIApplicationSupportsIndirectInputEvents = YES;
				INFOPLIST_KEY_UILaunchScreen_Generation = YES;
				INFOPLIST_KEY_UISupportedInterfaceOrientations = UIInterfaceOrientationPortrait;
				LD_RUNPATH_SEARCH_PATHS = (
					"$(inherited)",
					"@executable_path/Frameworks",
				);
				MARKETING_VERSION = 1.0;
				PRODUCT_BUNDLE_IDENTIFIER = com.CoreMLHumanDetector.app.CoreMLHumanDetector;
				PRODUCT_NAME = "$(TARGET_NAME)";
				SWIFT_EMIT_LOC_STRINGS = YES;
				SWIFT_VERSION = 5.0;
				TARGETED_DEVICE_FAMILY = "1,2";
			};
			name = Release;
		};
/* End XCBuildConfiguration section */

/* Begin XCConfigurationList section */
		21B8148829C632A000113D05 /* Build configuration list for PBXProject "CoreMLHumanDetector" */ = {
			isa = XCConfigurationList;
			buildConfigurations = (
				21B8149929C632A200113D05 /* Debug */,
				21B8149A29C632A200113D05 /* Release */,
			);
			defaultConfigurationIsVisible = 0;
			defaultConfigurationName = Release;
		};
		21B8149B29C632A200113D05 /* Build configuration list for PBXNativeTarget "CoreMLHumanDetector" */ = {
			isa = XCConfigurationList;
			buildConfigurations = (
				21B8149C29C632A200113D05 /* Debug */,
				21B8149D29C632A200113D05 /* Release */,
			);
			defaultConfigurationIsVisible = 0;
			defaultConfigurationName = Release;
		};
/* End XCConfigurationList section */
	};
	rootObject = 21B8148529C632A000113D05 /* Project object */;
}
